// !$*UTF8*$!
{
	archiveVersion = 1;
	classes = {
	};
	objectVersion = 56;
	objects = {

/* Begin PBXBuildFile section */
		290368E92C421E1A00CD75D4 /* PhysicianListView.swift in Sources */ = {isa = PBXBuildFile; fileRef = 290368E82C421E1A00CD75D4 /* PhysicianListView.swift */; };
		290368EB2C421E3E00CD75D4 /* TraineeListView.swift in Sources */ = {isa = PBXBuildFile; fileRef = 290368EA2C421E3E00CD75D4 /* TraineeListView.swift */; };
		29473E602C42E23D00A9CF02 /* NearbyInteractionManager.swift in Sources */ = {isa = PBXBuildFile; fileRef = 29473E5F2C42E23D00A9CF02 /* NearbyInteractionManager.swift */; };
		298EB2EC2C42DF7200458049 /* MPCSession.swift in Sources */ = {isa = PBXBuildFile; fileRef = 298EB2EB2C42DF7200458049 /* MPCSession.swift */; };
		29FA846D2C406723000C1B81 /* SkillDropApp.swift in Sources */ = {isa = PBXBuildFile; fileRef = 29FA846C2C406723000C1B81 /* SkillDropApp.swift */; };
		29FA846F2C406723000C1B81 /* ContentView.swift in Sources */ = {isa = PBXBuildFile; fileRef = 29FA846E2C406723000C1B81 /* ContentView.swift */; };
		29FA84712C406724000C1B81 /* Assets.xcassets in Resources */ = {isa = PBXBuildFile; fileRef = 29FA84702C406724000C1B81 /* Assets.xcassets */; };
		29FA84742C406724000C1B81 /* Preview Assets.xcassets in Resources */ = {isa = PBXBuildFile; fileRef = 29FA84732C406724000C1B81 /* Preview Assets.xcassets */; };
		29FA847E2C406724000C1B81 /* SkillDropTests.swift in Sources */ = {isa = PBXBuildFile; fileRef = 29FA847D2C406724000C1B81 /* SkillDropTests.swift */; };
		29FA84882C406724000C1B81 /* SkillDropUITests.swift in Sources */ = {isa = PBXBuildFile; fileRef = 29FA84872C406724000C1B81 /* SkillDropUITests.swift */; };
		29FA848A2C406724000C1B81 /* SkillDropUITestsLaunchTests.swift in Sources */ = {isa = PBXBuildFile; fileRef = 29FA84892C406724000C1B81 /* SkillDropUITestsLaunchTests.swift */; };
		29FA84982C407C76000C1B81 /* FirebaseAnalytics in Frameworks */ = {isa = PBXBuildFile; productRef = 29FA84972C407C76000C1B81 /* FirebaseAnalytics */; };
		29FA849A2C407C76000C1B81 /* FirebaseAnalyticsOnDeviceConversion in Frameworks */ = {isa = PBXBuildFile; productRef = 29FA84992C407C76000C1B81 /* FirebaseAnalyticsOnDeviceConversion */; };
		29FA849C2C407C76000C1B81 /* FirebaseAnalyticsSwift in Frameworks */ = {isa = PBXBuildFile; productRef = 29FA849B2C407C76000C1B81 /* FirebaseAnalyticsSwift */; };
		29FA849E2C407C76000C1B81 /* FirebaseAnalyticsWithoutAdIdSupport in Frameworks */ = {isa = PBXBuildFile; productRef = 29FA849D2C407C76000C1B81 /* FirebaseAnalyticsWithoutAdIdSupport */; };
		29FA84A02C407C76000C1B81 /* FirebaseAppCheck in Frameworks */ = {isa = PBXBuildFile; productRef = 29FA849F2C407C76000C1B81 /* FirebaseAppCheck */; };
		29FA84A22C407C76000C1B81 /* FirebaseAppDistribution-Beta in Frameworks */ = {isa = PBXBuildFile; productRef = 29FA84A12C407C76000C1B81 /* FirebaseAppDistribution-Beta */; };
		29FA84A42C407C76000C1B81 /* FirebaseAuth in Frameworks */ = {isa = PBXBuildFile; productRef = 29FA84A32C407C76000C1B81 /* FirebaseAuth */; };
		29FA84A62C407C76000C1B81 /* FirebaseAuthCombine-Community in Frameworks */ = {isa = PBXBuildFile; productRef = 29FA84A52C407C76000C1B81 /* FirebaseAuthCombine-Community */; };
		29FA84A82C407C76000C1B81 /* FirebaseCrashlytics in Frameworks */ = {isa = PBXBuildFile; productRef = 29FA84A72C407C76000C1B81 /* FirebaseCrashlytics */; };
		29FA84AA2C407C76000C1B81 /* FirebaseDatabase in Frameworks */ = {isa = PBXBuildFile; productRef = 29FA84A92C407C76000C1B81 /* FirebaseDatabase */; };
		29FA84AC2C407C76000C1B81 /* FirebaseDatabaseSwift in Frameworks */ = {isa = PBXBuildFile; productRef = 29FA84AB2C407C76000C1B81 /* FirebaseDatabaseSwift */; };
		29FA84AE2C407C76000C1B81 /* FirebaseDynamicLinks in Frameworks */ = {isa = PBXBuildFile; productRef = 29FA84AD2C407C76000C1B81 /* FirebaseDynamicLinks */; };
		29FA84B02C407C76000C1B81 /* FirebaseFirestore in Frameworks */ = {isa = PBXBuildFile; productRef = 29FA84AF2C407C76000C1B81 /* FirebaseFirestore */; };
		29FA84B22C407C76000C1B81 /* FirebaseFirestoreCombine-Community in Frameworks */ = {isa = PBXBuildFile; productRef = 29FA84B12C407C76000C1B81 /* FirebaseFirestoreCombine-Community */; };
		29FA84B42C407C76000C1B81 /* FirebaseFirestoreSwift in Frameworks */ = {isa = PBXBuildFile; productRef = 29FA84B32C407C76000C1B81 /* FirebaseFirestoreSwift */; };
		29FA84B62C407C76000C1B81 /* FirebaseFunctions in Frameworks */ = {isa = PBXBuildFile; productRef = 29FA84B52C407C76000C1B81 /* FirebaseFunctions */; };
		29FA84B82C407C76000C1B81 /* FirebaseFunctionsCombine-Community in Frameworks */ = {isa = PBXBuildFile; productRef = 29FA84B72C407C76000C1B81 /* FirebaseFunctionsCombine-Community */; };
		29FA84BA2C407C76000C1B81 /* FirebaseInAppMessaging-Beta in Frameworks */ = {isa = PBXBuildFile; productRef = 29FA84B92C407C76000C1B81 /* FirebaseInAppMessaging-Beta */; };
		29FA84BC2C407C76000C1B81 /* FirebaseInAppMessagingSwift-Beta in Frameworks */ = {isa = PBXBuildFile; productRef = 29FA84BB2C407C76000C1B81 /* FirebaseInAppMessagingSwift-Beta */; };
		29FA84BE2C407C76000C1B81 /* FirebaseInstallations in Frameworks */ = {isa = PBXBuildFile; productRef = 29FA84BD2C407C76000C1B81 /* FirebaseInstallations */; };
		29FA84C02C407C76000C1B81 /* FirebaseMLModelDownloader in Frameworks */ = {isa = PBXBuildFile; productRef = 29FA84BF2C407C76000C1B81 /* FirebaseMLModelDownloader */; };
		29FA84C22C407C76000C1B81 /* FirebaseMessaging in Frameworks */ = {isa = PBXBuildFile; productRef = 29FA84C12C407C76000C1B81 /* FirebaseMessaging */; };
		29FA84C42C407C76000C1B81 /* FirebasePerformance in Frameworks */ = {isa = PBXBuildFile; productRef = 29FA84C32C407C76000C1B81 /* FirebasePerformance */; };
		29FA84C62C407C76000C1B81 /* FirebaseRemoteConfig in Frameworks */ = {isa = PBXBuildFile; productRef = 29FA84C52C407C76000C1B81 /* FirebaseRemoteConfig */; };
		29FA84C82C407C76000C1B81 /* FirebaseRemoteConfigSwift in Frameworks */ = {isa = PBXBuildFile; productRef = 29FA84C72C407C76000C1B81 /* FirebaseRemoteConfigSwift */; };
		29FA84CA2C407C76000C1B81 /* FirebaseStorage in Frameworks */ = {isa = PBXBuildFile; productRef = 29FA84C92C407C76000C1B81 /* FirebaseStorage */; };
		29FA84CC2C407C76000C1B81 /* FirebaseStorageCombine-Community in Frameworks */ = {isa = PBXBuildFile; productRef = 29FA84CB2C407C76000C1B81 /* FirebaseStorageCombine-Community */; };
		29FA84CE2C407C76000C1B81 /* FirebaseVertexAI-Preview in Frameworks */ = {isa = PBXBuildFile; productRef = 29FA84CD2C407C76000C1B81 /* FirebaseVertexAI-Preview */; };
		29FA84D02C407D6D000C1B81 /* GoogleService-Info.plist in Resources */ = {isa = PBXBuildFile; fileRef = 29FA84CF2C407D6D000C1B81 /* GoogleService-Info.plist */; };
		29FA84D62C40BF2F000C1B81 /* ListView.swift in Sources */ = {isa = PBXBuildFile; fileRef = 29FA84D52C40BF2F000C1B81 /* ListView.swift */; };
		29FA84DC2C40C5ED000C1B81 /* Skill.swift in Sources */ = {isa = PBXBuildFile; fileRef = 29FA84DB2C40C5ED000C1B81 /* Skill.swift */; };
		29FA84DE2C40C8DD000C1B81 /* DataManager.swift in Sources */ = {isa = PBXBuildFile; fileRef = 29FA84DD2C40C8DD000C1B81 /* DataManager.swift */; };
		29FA84E02C417E2E000C1B81 /* ContentViewModel.swift in Sources */ = {isa = PBXBuildFile; fileRef = 29FA84DF2C417E2E000C1B81 /* ContentViewModel.swift */; };
/* End PBXBuildFile section */

/* Begin PBXContainerItemProxy section */
		29FA847A2C406724000C1B81 /* PBXContainerItemProxy */ = {
			isa = PBXContainerItemProxy;
			containerPortal = 29FA84612C406723000C1B81 /* Project object */;
			proxyType = 1;
			remoteGlobalIDString = 29FA84682C406723000C1B81;
			remoteInfo = SkillDrop;
		};
		29FA84842C406724000C1B81 /* PBXContainerItemProxy */ = {
			isa = PBXContainerItemProxy;
			containerPortal = 29FA84612C406723000C1B81 /* Project object */;
			proxyType = 1;
			remoteGlobalIDString = 29FA84682C406723000C1B81;
			remoteInfo = SkillDrop;
		};
/* End PBXContainerItemProxy section */

/* Begin PBXFileReference section */
		290368E82C421E1A00CD75D4 /* PhysicianListView.swift */ = {isa = PBXFileReference; lastKnownFileType = sourcecode.swift; path = PhysicianListView.swift; sourceTree = "<group>"; };
		290368EA2C421E3E00CD75D4 /* TraineeListView.swift */ = {isa = PBXFileReference; lastKnownFileType = sourcecode.swift; path = TraineeListView.swift; sourceTree = "<group>"; };
		29473E5F2C42E23D00A9CF02 /* NearbyInteractionManager.swift */ = {isa = PBXFileReference; lastKnownFileType = sourcecode.swift; path = NearbyInteractionManager.swift; sourceTree = "<group>"; };
		298EB2EA2C42D9AC00458049 /* Info.plist */ = {isa = PBXFileReference; lastKnownFileType = text.plist; path = Info.plist; sourceTree = "<group>"; };
		298EB2EB2C42DF7200458049 /* MPCSession.swift */ = {isa = PBXFileReference; lastKnownFileType = sourcecode.swift; path = MPCSession.swift; sourceTree = "<group>"; };
		29FA84692C406723000C1B81 /* SkillDrop.app */ = {isa = PBXFileReference; explicitFileType = wrapper.application; includeInIndex = 0; path = SkillDrop.app; sourceTree = BUILT_PRODUCTS_DIR; };
		29FA846C2C406723000C1B81 /* SkillDropApp.swift */ = {isa = PBXFileReference; lastKnownFileType = sourcecode.swift; path = SkillDropApp.swift; sourceTree = "<group>"; };
		29FA846E2C406723000C1B81 /* ContentView.swift */ = {isa = PBXFileReference; lastKnownFileType = sourcecode.swift; path = ContentView.swift; sourceTree = "<group>"; };
		29FA84702C406724000C1B81 /* Assets.xcassets */ = {isa = PBXFileReference; lastKnownFileType = folder.assetcatalog; path = Assets.xcassets; sourceTree = "<group>"; };
		29FA84732C406724000C1B81 /* Preview Assets.xcassets */ = {isa = PBXFileReference; lastKnownFileType = folder.assetcatalog; path = "Preview Assets.xcassets"; sourceTree = "<group>"; };
		29FA84792C406724000C1B81 /* SkillDropTests.xctest */ = {isa = PBXFileReference; explicitFileType = wrapper.cfbundle; includeInIndex = 0; path = SkillDropTests.xctest; sourceTree = BUILT_PRODUCTS_DIR; };
		29FA847D2C406724000C1B81 /* SkillDropTests.swift */ = {isa = PBXFileReference; lastKnownFileType = sourcecode.swift; path = SkillDropTests.swift; sourceTree = "<group>"; };
		29FA84832C406724000C1B81 /* SkillDropUITests.xctest */ = {isa = PBXFileReference; explicitFileType = wrapper.cfbundle; includeInIndex = 0; path = SkillDropUITests.xctest; sourceTree = BUILT_PRODUCTS_DIR; };
		29FA84872C406724000C1B81 /* SkillDropUITests.swift */ = {isa = PBXFileReference; lastKnownFileType = sourcecode.swift; path = SkillDropUITests.swift; sourceTree = "<group>"; };
		29FA84892C406724000C1B81 /* SkillDropUITestsLaunchTests.swift */ = {isa = PBXFileReference; lastKnownFileType = sourcecode.swift; path = SkillDropUITestsLaunchTests.swift; sourceTree = "<group>"; };
		29FA84CF2C407D6D000C1B81 /* GoogleService-Info.plist */ = {isa = PBXFileReference; fileEncoding = 4; lastKnownFileType = text.plist.xml; path = "GoogleService-Info.plist"; sourceTree = "<group>"; };
		29FA84D52C40BF2F000C1B81 /* ListView.swift */ = {isa = PBXFileReference; lastKnownFileType = sourcecode.swift; path = ListView.swift; sourceTree = "<group>"; };
		29FA84DB2C40C5ED000C1B81 /* Skill.swift */ = {isa = PBXFileReference; lastKnownFileType = sourcecode.swift; path = Skill.swift; sourceTree = "<group>"; };
		29FA84DD2C40C8DD000C1B81 /* DataManager.swift */ = {isa = PBXFileReference; lastKnownFileType = sourcecode.swift; path = DataManager.swift; sourceTree = "<group>"; };
		29FA84DF2C417E2E000C1B81 /* ContentViewModel.swift */ = {isa = PBXFileReference; lastKnownFileType = sourcecode.swift; path = ContentViewModel.swift; sourceTree = "<group>"; };
/* End PBXFileReference section */

/* Begin PBXFrameworksBuildPhase section */
		29FA84662C406723000C1B81 /* Frameworks */ = {
			isa = PBXFrameworksBuildPhase;
			buildActionMask = 2147483647;
			files = (
				29FA84AA2C407C76000C1B81 /* FirebaseDatabase in Frameworks */,
				29FA84B82C407C76000C1B81 /* FirebaseFunctionsCombine-Community in Frameworks */,
				29FA84B02C407C76000C1B81 /* FirebaseFirestore in Frameworks */,
				29FA849C2C407C76000C1B81 /* FirebaseAnalyticsSwift in Frameworks */,
				29FA84982C407C76000C1B81 /* FirebaseAnalytics in Frameworks */,
				29FA849A2C407C76000C1B81 /* FirebaseAnalyticsOnDeviceConversion in Frameworks */,
				29FA84C02C407C76000C1B81 /* FirebaseMLModelDownloader in Frameworks */,
				29FA84B42C407C76000C1B81 /* FirebaseFirestoreSwift in Frameworks */,
				29FA84A02C407C76000C1B81 /* FirebaseAppCheck in Frameworks */,
				29FA849E2C407C76000C1B81 /* FirebaseAnalyticsWithoutAdIdSupport in Frameworks */,
				29FA84A42C407C76000C1B81 /* FirebaseAuth in Frameworks */,
				29FA84A82C407C76000C1B81 /* FirebaseCrashlytics in Frameworks */,
				29FA84C82C407C76000C1B81 /* FirebaseRemoteConfigSwift in Frameworks */,
				29FA84BA2C407C76000C1B81 /* FirebaseInAppMessaging-Beta in Frameworks */,
				29FA84AC2C407C76000C1B81 /* FirebaseDatabaseSwift in Frameworks */,
				29FA84B62C407C76000C1B81 /* FirebaseFunctions in Frameworks */,
				29FA84CC2C407C76000C1B81 /* FirebaseStorageCombine-Community in Frameworks */,
				29FA84C62C407C76000C1B81 /* FirebaseRemoteConfig in Frameworks */,
				29FA84A22C407C76000C1B81 /* FirebaseAppDistribution-Beta in Frameworks */,
				29FA84A62C407C76000C1B81 /* FirebaseAuthCombine-Community in Frameworks */,
				29FA84C42C407C76000C1B81 /* FirebasePerformance in Frameworks */,
				29FA84BC2C407C76000C1B81 /* FirebaseInAppMessagingSwift-Beta in Frameworks */,
				29FA84CA2C407C76000C1B81 /* FirebaseStorage in Frameworks */,
				29FA84AE2C407C76000C1B81 /* FirebaseDynamicLinks in Frameworks */,
				29FA84CE2C407C76000C1B81 /* FirebaseVertexAI-Preview in Frameworks */,
				29FA84B22C407C76000C1B81 /* FirebaseFirestoreCombine-Community in Frameworks */,
				29FA84C22C407C76000C1B81 /* FirebaseMessaging in Frameworks */,
				29FA84BE2C407C76000C1B81 /* FirebaseInstallations in Frameworks */,
			);
			runOnlyForDeploymentPostprocessing = 0;
		};
		29FA84762C406724000C1B81 /* Frameworks */ = {
			isa = PBXFrameworksBuildPhase;
			buildActionMask = 2147483647;
			files = (
			);
			runOnlyForDeploymentPostprocessing = 0;
		};
		29FA84802C406724000C1B81 /* Frameworks */ = {
			isa = PBXFrameworksBuildPhase;
			buildActionMask = 2147483647;
			files = (
			);
			runOnlyForDeploymentPostprocessing = 0;
		};
/* End PBXFrameworksBuildPhase section */

/* Begin PBXGroup section */
		29FA84602C406723000C1B81 = {
			isa = PBXGroup;
			children = (
				29FA846B2C406723000C1B81 /* SkillDrop */,
				29FA847C2C406724000C1B81 /* SkillDropTests */,
				29FA84862C406724000C1B81 /* SkillDropUITests */,
				29FA846A2C406723000C1B81 /* Products */,
			);
			sourceTree = "<group>";
		};
		29FA846A2C406723000C1B81 /* Products */ = {
			isa = PBXGroup;
			children = (
				29FA84692C406723000C1B81 /* SkillDrop.app */,
				29FA84792C406724000C1B81 /* SkillDropTests.xctest */,
				29FA84832C406724000C1B81 /* SkillDropUITests.xctest */,
			);
			name = Products;
			sourceTree = "<group>";
		};
		29FA846B2C406723000C1B81 /* SkillDrop */ = {
			isa = PBXGroup;
			children = (
				298EB2EA2C42D9AC00458049 /* Info.plist */,
				29473E5F2C42E23D00A9CF02 /* NearbyInteractionManager.swift */,
				298EB2EB2C42DF7200458049 /* MPCSession.swift */,
				29FA846C2C406723000C1B81 /* SkillDropApp.swift */,
				29FA846E2C406723000C1B81 /* ContentView.swift */,
				290368E82C421E1A00CD75D4 /* PhysicianListView.swift */,
				290368EA2C421E3E00CD75D4 /* TraineeListView.swift */,
				29FA84D52C40BF2F000C1B81 /* ListView.swift */,
				29FA84DF2C417E2E000C1B81 /* ContentViewModel.swift */,
				29FA84DB2C40C5ED000C1B81 /* Skill.swift */,
				29FA84DD2C40C8DD000C1B81 /* DataManager.swift */,
				29FA84702C406724000C1B81 /* Assets.xcassets */,
				29FA84CF2C407D6D000C1B81 /* GoogleService-Info.plist */,
				29FA84722C406724000C1B81 /* Preview Content */,
			);
			path = SkillDrop;
			sourceTree = "<group>";
		};
		29FA84722C406724000C1B81 /* Preview Content */ = {
			isa = PBXGroup;
			children = (
				29FA84732C406724000C1B81 /* Preview Assets.xcassets */,
			);
			path = "Preview Content";
			sourceTree = "<group>";
		};
		29FA847C2C406724000C1B81 /* SkillDropTests */ = {
			isa = PBXGroup;
			children = (
				29FA847D2C406724000C1B81 /* SkillDropTests.swift */,
			);
			path = SkillDropTests;
			sourceTree = "<group>";
		};
		29FA84862C406724000C1B81 /* SkillDropUITests */ = {
			isa = PBXGroup;
			children = (
				29FA84872C406724000C1B81 /* SkillDropUITests.swift */,
				29FA84892C406724000C1B81 /* SkillDropUITestsLaunchTests.swift */,
			);
			path = SkillDropUITests;
			sourceTree = "<group>";
		};
/* End PBXGroup section */

/* Begin PBXNativeTarget section */
		29FA84682C406723000C1B81 /* SkillDrop */ = {
			isa = PBXNativeTarget;
			buildConfigurationList = 29FA848D2C406724000C1B81 /* Build configuration list for PBXNativeTarget "SkillDrop" */;
			buildPhases = (
				29FA84652C406723000C1B81 /* Sources */,
				29FA84662C406723000C1B81 /* Frameworks */,
				29FA84672C406723000C1B81 /* Resources */,
			);
			buildRules = (
			);
			dependencies = (
			);
			name = SkillDrop;
			packageProductDependencies = (
				29FA84972C407C76000C1B81 /* FirebaseAnalytics */,
				29FA84992C407C76000C1B81 /* FirebaseAnalyticsOnDeviceConversion */,
				29FA849B2C407C76000C1B81 /* FirebaseAnalyticsSwift */,
				29FA849D2C407C76000C1B81 /* FirebaseAnalyticsWithoutAdIdSupport */,
				29FA849F2C407C76000C1B81 /* FirebaseAppCheck */,
				29FA84A12C407C76000C1B81 /* FirebaseAppDistribution-Beta */,
				29FA84A32C407C76000C1B81 /* FirebaseAuth */,
				29FA84A52C407C76000C1B81 /* FirebaseAuthCombine-Community */,
				29FA84A72C407C76000C1B81 /* FirebaseCrashlytics */,
				29FA84A92C407C76000C1B81 /* FirebaseDatabase */,
				29FA84AB2C407C76000C1B81 /* FirebaseDatabaseSwift */,
				29FA84AD2C407C76000C1B81 /* FirebaseDynamicLinks */,
				29FA84AF2C407C76000C1B81 /* FirebaseFirestore */,
				29FA84B12C407C76000C1B81 /* FirebaseFirestoreCombine-Community */,
				29FA84B32C407C76000C1B81 /* FirebaseFirestoreSwift */,
				29FA84B52C407C76000C1B81 /* FirebaseFunctions */,
				29FA84B72C407C76000C1B81 /* FirebaseFunctionsCombine-Community */,
				29FA84B92C407C76000C1B81 /* FirebaseInAppMessaging-Beta */,
				29FA84BB2C407C76000C1B81 /* FirebaseInAppMessagingSwift-Beta */,
				29FA84BD2C407C76000C1B81 /* FirebaseInstallations */,
				29FA84BF2C407C76000C1B81 /* FirebaseMLModelDownloader */,
				29FA84C12C407C76000C1B81 /* FirebaseMessaging */,
				29FA84C32C407C76000C1B81 /* FirebasePerformance */,
				29FA84C52C407C76000C1B81 /* FirebaseRemoteConfig */,
				29FA84C72C407C76000C1B81 /* FirebaseRemoteConfigSwift */,
				29FA84C92C407C76000C1B81 /* FirebaseStorage */,
				29FA84CB2C407C76000C1B81 /* FirebaseStorageCombine-Community */,
				29FA84CD2C407C76000C1B81 /* FirebaseVertexAI-Preview */,
			);
			productName = SkillDrop;
			productReference = 29FA84692C406723000C1B81 /* SkillDrop.app */;
			productType = "com.apple.product-type.application";
		};
		29FA84782C406724000C1B81 /* SkillDropTests */ = {
			isa = PBXNativeTarget;
			buildConfigurationList = 29FA84902C406724000C1B81 /* Build configuration list for PBXNativeTarget "SkillDropTests" */;
			buildPhases = (
				29FA84752C406724000C1B81 /* Sources */,
				29FA84762C406724000C1B81 /* Frameworks */,
				29FA84772C406724000C1B81 /* Resources */,
			);
			buildRules = (
			);
			dependencies = (
				29FA847B2C406724000C1B81 /* PBXTargetDependency */,
			);
			name = SkillDropTests;
			productName = SkillDropTests;
			productReference = 29FA84792C406724000C1B81 /* SkillDropTests.xctest */;
			productType = "com.apple.product-type.bundle.unit-test";
		};
		29FA84822C406724000C1B81 /* SkillDropUITests */ = {
			isa = PBXNativeTarget;
			buildConfigurationList = 29FA84932C406724000C1B81 /* Build configuration list for PBXNativeTarget "SkillDropUITests" */;
			buildPhases = (
				29FA847F2C406724000C1B81 /* Sources */,
				29FA84802C406724000C1B81 /* Frameworks */,
				29FA84812C406724000C1B81 /* Resources */,
			);
			buildRules = (
			);
			dependencies = (
				29FA84852C406724000C1B81 /* PBXTargetDependency */,
			);
			name = SkillDropUITests;
			productName = SkillDropUITests;
			productReference = 29FA84832C406724000C1B81 /* SkillDropUITests.xctest */;
			productType = "com.apple.product-type.bundle.ui-testing";
		};
/* End PBXNativeTarget section */

/* Begin PBXProject section */
		29FA84612C406723000C1B81 /* Project object */ = {
			isa = PBXProject;
			attributes = {
				BuildIndependentTargetsInParallel = 1;
				LastSwiftUpdateCheck = 1540;
				LastUpgradeCheck = 1540;
				TargetAttributes = {
					29FA84682C406723000C1B81 = {
						CreatedOnToolsVersion = 15.4;
					};
					29FA84782C406724000C1B81 = {
						CreatedOnToolsVersion = 15.4;
						TestTargetID = 29FA84682C406723000C1B81;
					};
					29FA84822C406724000C1B81 = {
						CreatedOnToolsVersion = 15.4;
						TestTargetID = 29FA84682C406723000C1B81;
					};
				};
			};
			buildConfigurationList = 29FA84642C406723000C1B81 /* Build configuration list for PBXProject "SkillDrop" */;
			compatibilityVersion = "Xcode 14.0";
			developmentRegion = en;
			hasScannedForEncodings = 0;
			knownRegions = (
				en,
				Base,
			);
			mainGroup = 29FA84602C406723000C1B81;
			packageReferences = (
				29FA84962C407C76000C1B81 /* XCRemoteSwiftPackageReference "firebase-ios-sdk" */,
			);
			productRefGroup = 29FA846A2C406723000C1B81 /* Products */;
			projectDirPath = "";
			projectRoot = "";
			targets = (
				29FA84682C406723000C1B81 /* SkillDrop */,
				29FA84782C406724000C1B81 /* SkillDropTests */,
				29FA84822C406724000C1B81 /* SkillDropUITests */,
			);
		};
/* End PBXProject section */

/* Begin PBXResourcesBuildPhase section */
		29FA84672C406723000C1B81 /* Resources */ = {
			isa = PBXResourcesBuildPhase;
			buildActionMask = 2147483647;
			files = (
				29FA84742C406724000C1B81 /* Preview Assets.xcassets in Resources */,
				29FA84712C406724000C1B81 /* Assets.xcassets in Resources */,
				29FA84D02C407D6D000C1B81 /* GoogleService-Info.plist in Resources */,
			);
			runOnlyForDeploymentPostprocessing = 0;
		};
		29FA84772C406724000C1B81 /* Resources */ = {
			isa = PBXResourcesBuildPhase;
			buildActionMask = 2147483647;
			files = (
			);
			runOnlyForDeploymentPostprocessing = 0;
		};
		29FA84812C406724000C1B81 /* Resources */ = {
			isa = PBXResourcesBuildPhase;
			buildActionMask = 2147483647;
			files = (
			);
			runOnlyForDeploymentPostprocessing = 0;
		};
/* End PBXResourcesBuildPhase section */

/* Begin PBXSourcesBuildPhase section */
		29FA84652C406723000C1B81 /* Sources */ = {
			isa = PBXSourcesBuildPhase;
			buildActionMask = 2147483647;
			files = (
				29FA846F2C406723000C1B81 /* ContentView.swift in Sources */,
				29473E602C42E23D00A9CF02 /* NearbyInteractionManager.swift in Sources */,
				29FA84DE2C40C8DD000C1B81 /* DataManager.swift in Sources */,
				290368E92C421E1A00CD75D4 /* PhysicianListView.swift in Sources */,
				29FA84E02C417E2E000C1B81 /* ContentViewModel.swift in Sources */,
				29FA84DC2C40C5ED000C1B81 /* Skill.swift in Sources */,
				298EB2EC2C42DF7200458049 /* MPCSession.swift in Sources */,
				29FA846D2C406723000C1B81 /* SkillDropApp.swift in Sources */,
				29FA84D62C40BF2F000C1B81 /* ListView.swift in Sources */,
				290368EB2C421E3E00CD75D4 /* TraineeListView.swift in Sources */,
			);
			runOnlyForDeploymentPostprocessing = 0;
		};
		29FA84752C406724000C1B81 /* Sources */ = {
			isa = PBXSourcesBuildPhase;
			buildActionMask = 2147483647;
			files = (
				29FA847E2C406724000C1B81 /* SkillDropTests.swift in Sources */,
			);
			runOnlyForDeploymentPostprocessing = 0;
		};
		29FA847F2C406724000C1B81 /* Sources */ = {
			isa = PBXSourcesBuildPhase;
			buildActionMask = 2147483647;
			files = (
				29FA84882C406724000C1B81 /* SkillDropUITests.swift in Sources */,
				29FA848A2C406724000C1B81 /* SkillDropUITestsLaunchTests.swift in Sources */,
			);
			runOnlyForDeploymentPostprocessing = 0;
		};
/* End PBXSourcesBuildPhase section */

/* Begin PBXTargetDependency section */
		29FA847B2C406724000C1B81 /* PBXTargetDependency */ = {
			isa = PBXTargetDependency;
			target = 29FA84682C406723000C1B81 /* SkillDrop */;
			targetProxy = 29FA847A2C406724000C1B81 /* PBXContainerItemProxy */;
		};
		29FA84852C406724000C1B81 /* PBXTargetDependency */ = {
			isa = PBXTargetDependency;
			target = 29FA84682C406723000C1B81 /* SkillDrop */;
			targetProxy = 29FA84842C406724000C1B81 /* PBXContainerItemProxy */;
		};
/* End PBXTargetDependency section */

/* Begin XCBuildConfiguration section */
		29FA848B2C406724000C1B81 /* Debug */ = {
			isa = XCBuildConfiguration;
			buildSettings = {
				ALWAYS_SEARCH_USER_PATHS = NO;
				ASSETCATALOG_COMPILER_GENERATE_SWIFT_ASSET_SYMBOL_EXTENSIONS = YES;
				CLANG_ANALYZER_NONNULL = YES;
				CLANG_ANALYZER_NUMBER_OBJECT_CONVERSION = YES_AGGRESSIVE;
				CLANG_CXX_LANGUAGE_STANDARD = "gnu++20";
				CLANG_ENABLE_MODULES = YES;
				CLANG_ENABLE_OBJC_ARC = YES;
				CLANG_ENABLE_OBJC_WEAK = YES;
				CLANG_WARN_BLOCK_CAPTURE_AUTORELEASING = YES;
				CLANG_WARN_BOOL_CONVERSION = YES;
				CLANG_WARN_COMMA = YES;
				CLANG_WARN_CONSTANT_CONVERSION = YES;
				CLANG_WARN_DEPRECATED_OBJC_IMPLEMENTATIONS = YES;
				CLANG_WARN_DIRECT_OBJC_ISA_USAGE = YES_ERROR;
				CLANG_WARN_DOCUMENTATION_COMMENTS = YES;
				CLANG_WARN_EMPTY_BODY = YES;
				CLANG_WARN_ENUM_CONVERSION = YES;
				CLANG_WARN_INFINITE_RECURSION = YES;
				CLANG_WARN_INT_CONVERSION = YES;
				CLANG_WARN_NON_LITERAL_NULL_CONVERSION = YES;
				CLANG_WARN_OBJC_IMPLICIT_RETAIN_SELF = YES;
				CLANG_WARN_OBJC_LITERAL_CONVERSION = YES;
				CLANG_WARN_OBJC_ROOT_CLASS = YES_ERROR;
				CLANG_WARN_QUOTED_INCLUDE_IN_FRAMEWORK_HEADER = YES;
				CLANG_WARN_RANGE_LOOP_ANALYSIS = YES;
				CLANG_WARN_STRICT_PROTOTYPES = YES;
				CLANG_WARN_SUSPICIOUS_MOVE = YES;
				CLANG_WARN_UNGUARDED_AVAILABILITY = YES_AGGRESSIVE;
				CLANG_WARN_UNREACHABLE_CODE = YES;
				CLANG_WARN__DUPLICATE_METHOD_MATCH = YES;
				COPY_PHASE_STRIP = NO;
				DEBUG_INFORMATION_FORMAT = dwarf;
				ENABLE_STRICT_OBJC_MSGSEND = YES;
				ENABLE_TESTABILITY = YES;
				ENABLE_USER_SCRIPT_SANDBOXING = YES;
				GCC_C_LANGUAGE_STANDARD = gnu17;
				GCC_DYNAMIC_NO_PIC = NO;
				GCC_NO_COMMON_BLOCKS = YES;
				GCC_OPTIMIZATION_LEVEL = 0;
				GCC_PREPROCESSOR_DEFINITIONS = (
					"DEBUG=1",
					"$(inherited)",
				);
				GCC_WARN_64_TO_32_BIT_CONVERSION = YES;
				GCC_WARN_ABOUT_RETURN_TYPE = YES_ERROR;
				GCC_WARN_UNDECLARED_SELECTOR = YES;
				GCC_WARN_UNINITIALIZED_AUTOS = YES_AGGRESSIVE;
				GCC_WARN_UNUSED_FUNCTION = YES;
				GCC_WARN_UNUSED_VARIABLE = YES;
				IPHONEOS_DEPLOYMENT_TARGET = 17.5;
				LOCALIZATION_PREFERS_STRING_CATALOGS = YES;
				MTL_ENABLE_DEBUG_INFO = INCLUDE_SOURCE;
				MTL_FAST_MATH = YES;
				ONLY_ACTIVE_ARCH = YES;
				SDKROOT = iphoneos;
				SWIFT_ACTIVE_COMPILATION_CONDITIONS = "DEBUG $(inherited)";
				SWIFT_OPTIMIZATION_LEVEL = "-Onone";
			};
			name = Debug;
		};
		29FA848C2C406724000C1B81 /* Release */ = {
			isa = XCBuildConfiguration;
			buildSettings = {
				ALWAYS_SEARCH_USER_PATHS = NO;
				ASSETCATALOG_COMPILER_GENERATE_SWIFT_ASSET_SYMBOL_EXTENSIONS = YES;
				CLANG_ANALYZER_NONNULL = YES;
				CLANG_ANALYZER_NUMBER_OBJECT_CONVERSION = YES_AGGRESSIVE;
				CLANG_CXX_LANGUAGE_STANDARD = "gnu++20";
				CLANG_ENABLE_MODULES = YES;
				CLANG_ENABLE_OBJC_ARC = YES;
				CLANG_ENABLE_OBJC_WEAK = YES;
				CLANG_WARN_BLOCK_CAPTURE_AUTORELEASING = YES;
				CLANG_WARN_BOOL_CONVERSION = YES;
				CLANG_WARN_COMMA = YES;
				CLANG_WARN_CONSTANT_CONVERSION = YES;
				CLANG_WARN_DEPRECATED_OBJC_IMPLEMENTATIONS = YES;
				CLANG_WARN_DIRECT_OBJC_ISA_USAGE = YES_ERROR;
				CLANG_WARN_DOCUMENTATION_COMMENTS = YES;
				CLANG_WARN_EMPTY_BODY = YES;
				CLANG_WARN_ENUM_CONVERSION = YES;
				CLANG_WARN_INFINITE_RECURSION = YES;
				CLANG_WARN_INT_CONVERSION = YES;
				CLANG_WARN_NON_LITERAL_NULL_CONVERSION = YES;
				CLANG_WARN_OBJC_IMPLICIT_RETAIN_SELF = YES;
				CLANG_WARN_OBJC_LITERAL_CONVERSION = YES;
				CLANG_WARN_OBJC_ROOT_CLASS = YES_ERROR;
				CLANG_WARN_QUOTED_INCLUDE_IN_FRAMEWORK_HEADER = YES;
				CLANG_WARN_RANGE_LOOP_ANALYSIS = YES;
				CLANG_WARN_STRICT_PROTOTYPES = YES;
				CLANG_WARN_SUSPICIOUS_MOVE = YES;
				CLANG_WARN_UNGUARDED_AVAILABILITY = YES_AGGRESSIVE;
				CLANG_WARN_UNREACHABLE_CODE = YES;
				CLANG_WARN__DUPLICATE_METHOD_MATCH = YES;
				COPY_PHASE_STRIP = NO;
				DEBUG_INFORMATION_FORMAT = "dwarf-with-dsym";
				ENABLE_NS_ASSERTIONS = NO;
				ENABLE_STRICT_OBJC_MSGSEND = YES;
				ENABLE_USER_SCRIPT_SANDBOXING = YES;
				GCC_C_LANGUAGE_STANDARD = gnu17;
				GCC_NO_COMMON_BLOCKS = YES;
				GCC_WARN_64_TO_32_BIT_CONVERSION = YES;
				GCC_WARN_ABOUT_RETURN_TYPE = YES_ERROR;
				GCC_WARN_UNDECLARED_SELECTOR = YES;
				GCC_WARN_UNINITIALIZED_AUTOS = YES_AGGRESSIVE;
				GCC_WARN_UNUSED_FUNCTION = YES;
				GCC_WARN_UNUSED_VARIABLE = YES;
				IPHONEOS_DEPLOYMENT_TARGET = 17.5;
				LOCALIZATION_PREFERS_STRING_CATALOGS = YES;
				MTL_ENABLE_DEBUG_INFO = NO;
				MTL_FAST_MATH = YES;
				SDKROOT = iphoneos;
				SWIFT_COMPILATION_MODE = wholemodule;
				VALIDATE_PRODUCT = YES;
			};
			name = Release;
		};
		29FA848E2C406724000C1B81 /* Debug */ = {
			isa = XCBuildConfiguration;
			buildSettings = {
				ASSETCATALOG_COMPILER_APPICON_NAME = AppIcon;
				ASSETCATALOG_COMPILER_GLOBAL_ACCENT_COLOR_NAME = AccentColor;
				CODE_SIGN_STYLE = Automatic;
				CURRENT_PROJECT_VERSION = 1;
				DEVELOPMENT_ASSET_PATHS = "\"SkillDrop/Preview Content\"";
				DEVELOPMENT_TEAM = MAAAG4A94M;
				ENABLE_PREVIEWS = YES;
				GENERATE_INFOPLIST_FILE = YES;
				INFOPLIST_FILE = SkillDrop/Info.plist;
				INFOPLIST_KEY_NSNearbyInteractionAllowOnceUsageDescription = "This app needs nearbyinteraction to discover peer.";
				INFOPLIST_KEY_UIApplicationSceneManifest_Generation = YES;
				INFOPLIST_KEY_UIApplicationSupportsIndirectInputEvents = YES;
				INFOPLIST_KEY_UILaunchScreen_Generation = YES;
				INFOPLIST_KEY_UISupportedInterfaceOrientations_iPad = "UIInterfaceOrientationPortrait UIInterfaceOrientationPortraitUpsideDown UIInterfaceOrientationLandscapeLeft UIInterfaceOrientationLandscapeRight";
				INFOPLIST_KEY_UISupportedInterfaceOrientations_iPhone = "UIInterfaceOrientationPortrait UIInterfaceOrientationLandscapeLeft UIInterfaceOrientationLandscapeRight";
				LD_RUNPATH_SEARCH_PATHS = (
					"$(inherited)",
					"@executable_path/Frameworks",
				);
				MARKETING_VERSION = 1.0;
				PRODUCT_BUNDLE_IDENTIFIER = com.skilldrop.SkillDrop;
				PRODUCT_NAME = "$(TARGET_NAME)";
				SWIFT_EMIT_LOC_STRINGS = YES;
				SWIFT_VERSION = 5.0;
				TARGETED_DEVICE_FAMILY = "1,2";
			};
			name = Debug;
		};
		29FA848F2C406724000C1B81 /* Release */ = {
			isa = XCBuildConfiguration;
			buildSettings = {
				ASSETCATALOG_COMPILER_APPICON_NAME = AppIcon;
				ASSETCATALOG_COMPILER_GLOBAL_ACCENT_COLOR_NAME = AccentColor;
				CODE_SIGN_STYLE = Automatic;
				CURRENT_PROJECT_VERSION = 1;
				DEVELOPMENT_ASSET_PATHS = "\"SkillDrop/Preview Content\"";
				DEVELOPMENT_TEAM = MAAAG4A94M;
				ENABLE_PREVIEWS = YES;
				GENERATE_INFOPLIST_FILE = YES;
				INFOPLIST_FILE = SkillDrop/Info.plist;
				INFOPLIST_KEY_NSNearbyInteractionAllowOnceUsageDescription = "This app needs nearbyinteraction to discover peer.";
				INFOPLIST_KEY_UIApplicationSceneManifest_Generation = YES;
				INFOPLIST_KEY_UIApplicationSupportsIndirectInputEvents = YES;
				INFOPLIST_KEY_UILaunchScreen_Generation = YES;
				INFOPLIST_KEY_UISupportedInterfaceOrientations_iPad = "UIInterfaceOrientationPortrait UIInterfaceOrientationPortraitUpsideDown UIInterfaceOrientationLandscapeLeft UIInterfaceOrientationLandscapeRight";
				INFOPLIST_KEY_UISupportedInterfaceOrientations_iPhone = "UIInterfaceOrientationPortrait UIInterfaceOrientationLandscapeLeft UIInterfaceOrientationLandscapeRight";
				LD_RUNPATH_SEARCH_PATHS = (
					"$(inherited)",
					"@executable_path/Frameworks",
				);
				MARKETING_VERSION = 1.0;
				PRODUCT_BUNDLE_IDENTIFIER = com.skilldrop.SkillDrop;
				PRODUCT_NAME = "$(TARGET_NAME)";
				SWIFT_EMIT_LOC_STRINGS = YES;
				SWIFT_VERSION = 5.0;
				TARGETED_DEVICE_FAMILY = "1,2";
			};
			name = Release;
		};
		29FA84912C406724000C1B81 /* Debug */ = {
			isa = XCBuildConfiguration;
			buildSettings = {
				ALWAYS_EMBED_SWIFT_STANDARD_LIBRARIES = YES;
				BUNDLE_LOADER = "$(TEST_HOST)";
				CODE_SIGN_STYLE = Automatic;
				CURRENT_PROJECT_VERSION = 1;
				GENERATE_INFOPLIST_FILE = YES;
				IPHONEOS_DEPLOYMENT_TARGET = 17.5;
				MARKETING_VERSION = 1.0;
				PRODUCT_BUNDLE_IDENTIFIER = com.skilldrop.SkillDropTests;
				PRODUCT_NAME = "$(TARGET_NAME)";
				SWIFT_EMIT_LOC_STRINGS = NO;
				SWIFT_VERSION = 5.0;
				TARGETED_DEVICE_FAMILY = "1,2";
				TEST_HOST = "$(BUILT_PRODUCTS_DIR)/SkillDrop.app/$(BUNDLE_EXECUTABLE_FOLDER_PATH)/SkillDrop";
			};
			name = Debug;
		};
		29FA84922C406724000C1B81 /* Release */ = {
			isa = XCBuildConfiguration;
			buildSettings = {
				ALWAYS_EMBED_SWIFT_STANDARD_LIBRARIES = YES;
				BUNDLE_LOADER = "$(TEST_HOST)";
				CODE_SIGN_STYLE = Automatic;
				CURRENT_PROJECT_VERSION = 1;
				GENERATE_INFOPLIST_FILE = YES;
				IPHONEOS_DEPLOYMENT_TARGET = 17.5;
				MARKETING_VERSION = 1.0;
				PRODUCT_BUNDLE_IDENTIFIER = com.skilldrop.SkillDropTests;
				PRODUCT_NAME = "$(TARGET_NAME)";
				SWIFT_EMIT_LOC_STRINGS = NO;
				SWIFT_VERSION = 5.0;
				TARGETED_DEVICE_FAMILY = "1,2";
				TEST_HOST = "$(BUILT_PRODUCTS_DIR)/SkillDrop.app/$(BUNDLE_EXECUTABLE_FOLDER_PATH)/SkillDrop";
			};
			name = Release;
		};
		29FA84942C406724000C1B81 /* Debug */ = {
			isa = XCBuildConfiguration;
			buildSettings = {
				ALWAYS_EMBED_SWIFT_STANDARD_LIBRARIES = YES;
				CODE_SIGN_STYLE = Automatic;
				CURRENT_PROJECT_VERSION = 1;
				GENERATE_INFOPLIST_FILE = YES;
				MARKETING_VERSION = 1.0;
				PRODUCT_BUNDLE_IDENTIFIER = com.skilldrop.SkillDropUITests;
				PRODUCT_NAME = "$(TARGET_NAME)";
				SWIFT_EMIT_LOC_STRINGS = NO;
				SWIFT_VERSION = 5.0;
				TARGETED_DEVICE_FAMILY = "1,2";
				TEST_TARGET_NAME = SkillDrop;
			};
			name = Debug;
		};
		29FA84952C406724000C1B81 /* Release */ = {
			isa = XCBuildConfiguration;
			buildSettings = {
				ALWAYS_EMBED_SWIFT_STANDARD_LIBRARIES = YES;
				CODE_SIGN_STYLE = Automatic;
				CURRENT_PROJECT_VERSION = 1;
				GENERATE_INFOPLIST_FILE = YES;
				MARKETING_VERSION = 1.0;
				PRODUCT_BUNDLE_IDENTIFIER = com.skilldrop.SkillDropUITests;
				PRODUCT_NAME = "$(TARGET_NAME)";
				SWIFT_EMIT_LOC_STRINGS = NO;
				SWIFT_VERSION = 5.0;
				TARGETED_DEVICE_FAMILY = "1,2";
				TEST_TARGET_NAME = SkillDrop;
			};
			name = Release;
		};
/* End XCBuildConfiguration section */

/* Begin XCConfigurationList section */
		29FA84642C406723000C1B81 /* Build configuration list for PBXProject "SkillDrop" */ = {
			isa = XCConfigurationList;
			buildConfigurations = (
				29FA848B2C406724000C1B81 /* Debug */,
				29FA848C2C406724000C1B81 /* Release */,
			);
			defaultConfigurationIsVisible = 0;
			defaultConfigurationName = Release;
		};
		29FA848D2C406724000C1B81 /* Build configuration list for PBXNativeTarget "SkillDrop" */ = {
			isa = XCConfigurationList;
			buildConfigurations = (
				29FA848E2C406724000C1B81 /* Debug */,
				29FA848F2C406724000C1B81 /* Release */,
			);
			defaultConfigurationIsVisible = 0;
			defaultConfigurationName = Release;
		};
		29FA84902C406724000C1B81 /* Build configuration list for PBXNativeTarget "SkillDropTests" */ = {
			isa = XCConfigurationList;
			buildConfigurations = (
				29FA84912C406724000C1B81 /* Debug */,
				29FA84922C406724000C1B81 /* Release */,
			);
			defaultConfigurationIsVisible = 0;
			defaultConfigurationName = Release;
		};
		29FA84932C406724000C1B81 /* Build configuration list for PBXNativeTarget "SkillDropUITests" */ = {
			isa = XCConfigurationList;
			buildConfigurations = (
				29FA84942C406724000C1B81 /* Debug */,
				29FA84952C406724000C1B81 /* Release */,
			);
			defaultConfigurationIsVisible = 0;
			defaultConfigurationName = Release;
		};
/* End XCConfigurationList section */

/* Begin XCRemoteSwiftPackageReference section */
		29FA84962C407C76000C1B81 /* XCRemoteSwiftPackageReference "firebase-ios-sdk" */ = {
			isa = XCRemoteSwiftPackageReference;
			repositoryURL = "https://github.com/firebase/firebase-ios-sdk.git";
			requirement = {
				kind = upToNextMajorVersion;
				minimumVersion = 10.29.0;
			};
		};
/* End XCRemoteSwiftPackageReference section */

/* Begin XCSwiftPackageProductDependency section */
		29FA84972C407C76000C1B81 /* FirebaseAnalytics */ = {
			isa = XCSwiftPackageProductDependency;
			package = 29FA84962C407C76000C1B81 /* XCRemoteSwiftPackageReference "firebase-ios-sdk" */;
			productName = FirebaseAnalytics;
		};
		29FA84992C407C76000C1B81 /* FirebaseAnalyticsOnDeviceConversion */ = {
			isa = XCSwiftPackageProductDependency;
			package = 29FA84962C407C76000C1B81 /* XCRemoteSwiftPackageReference "firebase-ios-sdk" */;
			productName = FirebaseAnalyticsOnDeviceConversion;
		};
		29FA849B2C407C76000C1B81 /* FirebaseAnalyticsSwift */ = {
			isa = XCSwiftPackageProductDependency;
			package = 29FA84962C407C76000C1B81 /* XCRemoteSwiftPackageReference "firebase-ios-sdk" */;
			productName = FirebaseAnalyticsSwift;
		};
		29FA849D2C407C76000C1B81 /* FirebaseAnalyticsWithoutAdIdSupport */ = {
			isa = XCSwiftPackageProductDependency;
			package = 29FA84962C407C76000C1B81 /* XCRemoteSwiftPackageReference "firebase-ios-sdk" */;
			productName = FirebaseAnalyticsWithoutAdIdSupport;
		};
		29FA849F2C407C76000C1B81 /* FirebaseAppCheck */ = {
			isa = XCSwiftPackageProductDependency;
			package = 29FA84962C407C76000C1B81 /* XCRemoteSwiftPackageReference "firebase-ios-sdk" */;
			productName = FirebaseAppCheck;
		};
		29FA84A12C407C76000C1B81 /* FirebaseAppDistribution-Beta */ = {
			isa = XCSwiftPackageProductDependency;
			package = 29FA84962C407C76000C1B81 /* XCRemoteSwiftPackageReference "firebase-ios-sdk" */;
			productName = "FirebaseAppDistribution-Beta";
		};
		29FA84A32C407C76000C1B81 /* FirebaseAuth */ = {
			isa = XCSwiftPackageProductDependency;
			package = 29FA84962C407C76000C1B81 /* XCRemoteSwiftPackageReference "firebase-ios-sdk" */;
			productName = FirebaseAuth;
		};
		29FA84A52C407C76000C1B81 /* FirebaseAuthCombine-Community */ = {
			isa = XCSwiftPackageProductDependency;
			package = 29FA84962C407C76000C1B81 /* XCRemoteSwiftPackageReference "firebase-ios-sdk" */;
			productName = "FirebaseAuthCombine-Community";
		};
		29FA84A72C407C76000C1B81 /* FirebaseCrashlytics */ = {
			isa = XCSwiftPackageProductDependency;
			package = 29FA84962C407C76000C1B81 /* XCRemoteSwiftPackageReference "firebase-ios-sdk" */;
			productName = FirebaseCrashlytics;
		};
		29FA84A92C407C76000C1B81 /* FirebaseDatabase */ = {
			isa = XCSwiftPackageProductDependency;
			package = 29FA84962C407C76000C1B81 /* XCRemoteSwiftPackageReference "firebase-ios-sdk" */;
			productName = FirebaseDatabase;
		};
		29FA84AB2C407C76000C1B81 /* FirebaseDatabaseSwift */ = {
			isa = XCSwiftPackageProductDependency;
			package = 29FA84962C407C76000C1B81 /* XCRemoteSwiftPackageReference "firebase-ios-sdk" */;
			productName = FirebaseDatabaseSwift;
		};
		29FA84AD2C407C76000C1B81 /* FirebaseDynamicLinks */ = {
			isa = XCSwiftPackageProductDependency;
			package = 29FA84962C407C76000C1B81 /* XCRemoteSwiftPackageReference "firebase-ios-sdk" */;
			productName = FirebaseDynamicLinks;
		};
		29FA84AF2C407C76000C1B81 /* FirebaseFirestore */ = {
			isa = XCSwiftPackageProductDependency;
			package = 29FA84962C407C76000C1B81 /* XCRemoteSwiftPackageReference "firebase-ios-sdk" */;
			productName = FirebaseFirestore;
		};
		29FA84B12C407C76000C1B81 /* FirebaseFirestoreCombine-Community */ = {
			isa = XCSwiftPackageProductDependency;
			package = 29FA84962C407C76000C1B81 /* XCRemoteSwiftPackageReference "firebase-ios-sdk" */;
			productName = "FirebaseFirestoreCombine-Community";
		};
		29FA84B32C407C76000C1B81 /* FirebaseFirestoreSwift */ = {
			isa = XCSwiftPackageProductDependency;
			package = 29FA84962C407C76000C1B81 /* XCRemoteSwiftPackageReference "firebase-ios-sdk" */;
			productName = FirebaseFirestoreSwift;
		};
		29FA84B52C407C76000C1B81 /* FirebaseFunctions */ = {
			isa = XCSwiftPackageProductDependency;
			package = 29FA84962C407C76000C1B81 /* XCRemoteSwiftPackageReference "firebase-ios-sdk" */;
			productName = FirebaseFunctions;
		};
		29FA84B72C407C76000C1B81 /* FirebaseFunctionsCombine-Community */ = {
			isa = XCSwiftPackageProductDependency;
			package = 29FA84962C407C76000C1B81 /* XCRemoteSwiftPackageReference "firebase-ios-sdk" */;
			productName = "FirebaseFunctionsCombine-Community";
		};
		29FA84B92C407C76000C1B81 /* FirebaseInAppMessaging-Beta */ = {
			isa = XCSwiftPackageProductDependency;
			package = 29FA84962C407C76000C1B81 /* XCRemoteSwiftPackageReference "firebase-ios-sdk" */;
			productName = "FirebaseInAppMessaging-Beta";
		};
		29FA84BB2C407C76000C1B81 /* FirebaseInAppMessagingSwift-Beta */ = {
			isa = XCSwiftPackageProductDependency;
			package = 29FA84962C407C76000C1B81 /* XCRemoteSwiftPackageReference "firebase-ios-sdk" */;
			productName = "FirebaseInAppMessagingSwift-Beta";
		};
		29FA84BD2C407C76000C1B81 /* FirebaseInstallations */ = {
			isa = XCSwiftPackageProductDependency;
			package = 29FA84962C407C76000C1B81 /* XCRemoteSwiftPackageReference "firebase-ios-sdk" */;
			productName = FirebaseInstallations;
		};
		29FA84BF2C407C76000C1B81 /* FirebaseMLModelDownloader */ = {
			isa = XCSwiftPackageProductDependency;
			package = 29FA84962C407C76000C1B81 /* XCRemoteSwiftPackageReference "firebase-ios-sdk" */;
			productName = FirebaseMLModelDownloader;
		};
		29FA84C12C407C76000C1B81 /* FirebaseMessaging */ = {
			isa = XCSwiftPackageProductDependency;
			package = 29FA84962C407C76000C1B81 /* XCRemoteSwiftPackageReference "firebase-ios-sdk" */;
			productName = FirebaseMessaging;
		};
		29FA84C32C407C76000C1B81 /* FirebasePerformance */ = {
			isa = XCSwiftPackageProductDependency;
			package = 29FA84962C407C76000C1B81 /* XCRemoteSwiftPackageReference "firebase-ios-sdk" */;
			productName = FirebasePerformance;
		};
		29FA84C52C407C76000C1B81 /* FirebaseRemoteConfig */ = {
			isa = XCSwiftPackageProductDependency;
			package = 29FA84962C407C76000C1B81 /* XCRemoteSwiftPackageReference "firebase-ios-sdk" */;
			productName = FirebaseRemoteConfig;
		};
		29FA84C72C407C76000C1B81 /* FirebaseRemoteConfigSwift */ = {
			isa = XCSwiftPackageProductDependency;
			package = 29FA84962C407C76000C1B81 /* XCRemoteSwiftPackageReference "firebase-ios-sdk" */;
			productName = FirebaseRemoteConfigSwift;
		};
		29FA84C92C407C76000C1B81 /* FirebaseStorage */ = {
			isa = XCSwiftPackageProductDependency;
			package = 29FA84962C407C76000C1B81 /* XCRemoteSwiftPackageReference "firebase-ios-sdk" */;
			productName = FirebaseStorage;
		};
		29FA84CB2C407C76000C1B81 /* FirebaseStorageCombine-Community */ = {
			isa = XCSwiftPackageProductDependency;
			package = 29FA84962C407C76000C1B81 /* XCRemoteSwiftPackageReference "firebase-ios-sdk" */;
			productName = "FirebaseStorageCombine-Community";
		};
		29FA84CD2C407C76000C1B81 /* FirebaseVertexAI-Preview */ = {
			isa = XCSwiftPackageProductDependency;
			package = 29FA84962C407C76000C1B81 /* XCRemoteSwiftPackageReference "firebase-ios-sdk" */;
			productName = "FirebaseVertexAI-Preview";
		};
/* End XCSwiftPackageProductDependency section */
	};
	rootObject = 29FA84612C406723000C1B81 /* Project object */;
}
